
Microsoft Visual Studio Solution File, Format Version 12.00
# Visual Studio 2013
VisualStudioVersion = 12.0.31101.0
MinimumVisualStudioVersion = 10.0.40219.1
Project("{FAE04EC0-301F-11D3-BF4B-00C04F79EFBC}") = "AzureUserManager", "AzureUserManager\AzureUserManager.csproj", "{CD8F0AF0-3A48-4354-9299-2B97C8BCA5DF}"
EndProject
Project("{FAE04EC0-301F-11D3-BF4B-00C04F79EFBC}") = "AzureUserManager.Tests", "AzureUserManager.Tests\AzureUserManager.Tests.csproj", "{94F8B7DB-02F4-4FBF-B980-FE34B8201360}"
EndProject
Project("{FAE04EC0-301F-11D3-BF4B-00C04F79EFBC}") = "AzureUserManager.External", "AzureUserManager.External\AzureUserManager.External.csproj", "{C98243B4-6A4A-4C39-AC4B-F6F16763A2D7}"
EndProject
Global
	GlobalSection(SolutionConfigurationPlatforms) = preSolution
		Debug|Any CPU = Debug|Any CPU
		Release|Any CPU = Release|Any CPU
	EndGlobalSection
	GlobalSection(ProjectConfigurationPlatforms) = postSolution
		{CD8F0AF0-3A48-4354-9299-2B97C8BCA5DF}.Debug|Any CPU.ActiveCfg = Debug|Any CPU
		{CD8F0AF0-3A48-4354-9299-2B97C8BCA5DF}.Debug|Any CPU.Build.0 = Debug|Any CPU
		{CD8F0AF0-3A48-4354-9299-2B97C8BCA5DF}.Release|Any CPU.ActiveCfg = Release|Any CPU
		{CD8F0AF0-3A48-4354-9299-2B97C8BCA5DF}.Release|Any CPU.Build.0 = Release|Any CPU
		{94F8B7DB-02F4-4FBF-B980-FE34B8201360}.Debug|Any CPU.ActiveCfg = Debug|Any CPU
		{94F8B7DB-02F4-4FBF-B980-FE34B8201360}.Debug|Any CPU.Build.0 = Debug|Any CPU
		{94F8B7DB-02F4-4FBF-B980-FE34B8201360}.Release|Any CPU.ActiveCfg = Release|Any CPU
		{94F8B7DB-02F4-4FBF-B980-FE34B8201360}.Release|Any CPU.Build.0 = Release|Any CPU
		{C98243B4-6A4A-4C39-AC4B-F6F16763A2D7}.Debug|Any CPU.ActiveCfg = Debug|Any CPU
		{C98243B4-6A4A-4C39-AC4B-F6F16763A2D7}.Debug|Any CPU.Build.0 = Debug|Any CPU
		{C98243B4-6A4A-4C39-AC4B-F6F16763A2D7}.Release|Any CPU.ActiveCfg = Release|Any CPU
		{C98243B4-6A4A-4C39-AC4B-F6F16763A2D7}.Release|Any CPU.Build.0 = Release|Any CPU
	EndGlobalSection
	GlobalSection(SolutionProperties) = preSolution
		HideSolutionNode = FALSE
	EndGlobalSection
EndGlobal
